
Microsoft Visual Studio Solution File, Format Version 12.00
# Visual Studio Version 16
VisualStudioVersion = 16.0.31624.102
MinimumVisualStudioVersion = 10.0.40219.1
Project("{FAE04EC0-301F-11D3-BF4B-00C04F79EFBC}") = "LabaWPF", "LabaWPF.csproj", "{B13EC7D0-3BF1-4A31-9F6B-A35F818ABF1B}"
EndProject
Global
	GlobalSection(SolutionConfigurationPlatforms) = preSolution
		Debug|Any CPU = Debug|Any CPU
		Release|Any CPU = Release|Any CPU
	EndGlobalSection
	GlobalSection(ProjectConfigurationPlatforms) = postSolution
		{B13EC7D0-3BF1-4A31-9F6B-A35F818ABF1B}.Debug|Any CPU.ActiveCfg = Debug|Any CPU
		{B13EC7D0-3BF1-4A31-9F6B-A35F818ABF1B}.Debug|Any CPU.Build.0 = Debug|Any CPU
		{B13EC7D0-3BF1-4A31-9F6B-A35F818ABF1B}.Release|Any CPU.ActiveCfg = Release|Any CPU
		{B13EC7D0-3BF1-4A31-9F6B-A35F818ABF1B}.Release|Any CPU.Build.0 = Release|Any CPU
	EndGlobalSection
	GlobalSection(SolutionProperties) = preSolution
		HideSolutionNode = FALSE
	EndGlobalSection
	GlobalSection(ExtensibilityGlobals) = postSolution
		SolutionGuid = {1B234AAC-3541-4580-B26D-570F95AE8136}
	EndGlobalSection
EndGlobal
